// !$*UTF8*$!
{
	archiveVersion = 1;
	classes = {
	};
	objectVersion = 46;
	objects = {

/* Begin PBXBuildFile section */
		5BC60DC41989F5F700DD28D3 /* AppDelegate.swift in Sources */ = {isa = PBXBuildFile; fileRef = 5BC60DC31989F5F700DD28D3 /* AppDelegate.swift */; };
		5BC60DC61989F5F700DD28D3 /* ViewController.swift in Sources */ = {isa = PBXBuildFile; fileRef = 5BC60DC51989F5F700DD28D3 /* ViewController.swift */; };
		5BC60DC91989F5F700DD28D3 /* Main.storyboard in Resources */ = {isa = PBXBuildFile; fileRef = 5BC60DC71989F5F700DD28D3 /* Main.storyboard */; };
		5BC60DCB1989F5F700DD28D3 /* Images.xcassets in Resources */ = {isa = PBXBuildFile; fileRef = 5BC60DCA1989F5F700DD28D3 /* Images.xcassets */; };
		5BC60DD71989F5F800DD28D3 /* StackOverFlowJSON3Tests.swift in Sources */ = {isa = PBXBuildFile; fileRef = 5BC60DD61989F5F800DD28D3 /* StackOverFlowJSON3Tests.swift */; };
		5BC60DE41989F64700DD28D3 /* Question.swift in Sources */ = {isa = PBXBuildFile; fileRef = 5BC60DE31989F64700DD28D3 /* Question.swift */; };
		5BC60DE51989F64700DD28D3 /* Question.swift in Sources */ = {isa = PBXBuildFile; fileRef = 5BC60DE31989F64700DD28D3 /* Question.swift */; };
		5BC60DE71989F65C00DD28D3 /* Answer.swift in Sources */ = {isa = PBXBuildFile; fileRef = 5BC60DE61989F65C00DD28D3 /* Answer.swift */; };
		5BC60DE81989F65C00DD28D3 /* Answer.swift in Sources */ = {isa = PBXBuildFile; fileRef = 5BC60DE61989F65C00DD28D3 /* Answer.swift */; };
		5BC60DEB1989F67700DD28D3 /* User.swift in Sources */ = {isa = PBXBuildFile; fileRef = 5BC60DEA1989F67700DD28D3 /* User.swift */; };
		5BC60DEC1989F67700DD28D3 /* User.swift in Sources */ = {isa = PBXBuildFile; fileRef = 5BC60DEA1989F67700DD28D3 /* User.swift */; };
		5BC60DEE1989F6DB00DD28D3 /* NetworkController.swift in Sources */ = {isa = PBXBuildFile; fileRef = 5BC60DED1989F6DB00DD28D3 /* NetworkController.swift */; };
		5BC60DEF1989F6DB00DD28D3 /* NetworkController.swift in Sources */ = {isa = PBXBuildFile; fileRef = 5BC60DED1989F6DB00DD28D3 /* NetworkController.swift */; };
		5BC60DF41989F99800DD28D3 /* CellForQuestion.swift in Sources */ = {isa = PBXBuildFile; fileRef = 5BC60DF31989F99800DD28D3 /* CellForQuestion.swift */; };
		5BC60DF51989F99800DD28D3 /* CellForQuestion.swift in Sources */ = {isa = PBXBuildFile; fileRef = 5BC60DF31989F99800DD28D3 /* CellForQuestion.swift */; };
/* End PBXBuildFile section */

/* Begin PBXContainerItemProxy section */
		5BC60DD11989F5F800DD28D3 /* PBXContainerItemProxy */ = {
			isa = PBXContainerItemProxy;
			containerPortal = 5BC60DB61989F5F700DD28D3 /* Project object */;
			proxyType = 1;
			remoteGlobalIDString = 5BC60DBD1989F5F700DD28D3;
			remoteInfo = StackOverFlowJSON3;
		};
/* End PBXContainerItemProxy section */

/* Begin PBXFileReference section */
		5BC60DBE1989F5F700DD28D3 /* StackOverFlowJSON3.app */ = {isa = PBXFileReference; explicitFileType = wrapper.application; includeInIndex = 0; path = StackOverFlowJSON3.app; sourceTree = BUILT_PRODUCTS_DIR; };
		5BC60DC21989F5F700DD28D3 /* Info.plist */ = {isa = PBXFileReference; lastKnownFileType = text.plist.xml; path = Info.plist; sourceTree = "<group>"; };
		5BC60DC31989F5F700DD28D3 /* AppDelegate.swift */ = {isa = PBXFileReference; lastKnownFileType = sourcecode.swift; path = AppDelegate.swift; sourceTree = "<group>"; };
		5BC60DC51989F5F700DD28D3 /* ViewController.swift */ = {isa = PBXFileReference; lastKnownFileType = sourcecode.swift; path = ViewController.swift; sourceTree = "<group>"; };
		5BC60DC81989F5F700DD28D3 /* Base */ = {isa = PBXFileReference; lastKnownFileType = file.storyboard; name = Base; path = Base.lproj/Main.storyboard; sourceTree = "<group>"; };
		5BC60DCA1989F5F700DD28D3 /* Images.xcassets */ = {isa = PBXFileReference; lastKnownFileType = folder.assetcatalog; path = Images.xcassets; sourceTree = "<group>"; };
		5BC60DD01989F5F700DD28D3 /* StackOverFlowJSON3Tests.xctest */ = {isa = PBXFileReference; explicitFileType = wrapper.cfbundle; includeInIndex = 0; path = StackOverFlowJSON3Tests.xctest; sourceTree = BUILT_PRODUCTS_DIR; };
		5BC60DD51989F5F800DD28D3 /* Info.plist */ = {isa = PBXFileReference; lastKnownFileType = text.plist.xml; path = Info.plist; sourceTree = "<group>"; };
		5BC60DD61989F5F800DD28D3 /* StackOverFlowJSON3Tests.swift */ = {isa = PBXFileReference; lastKnownFileType = sourcecode.swift; path = StackOverFlowJSON3Tests.swift; sourceTree = "<group>"; };
		5BC60DE31989F64700DD28D3 /* Question.swift */ = {isa = PBXFileReference; fileEncoding = 4; lastKnownFileType = sourcecode.swift; path = Question.swift; sourceTree = "<group>"; };
		5BC60DE61989F65C00DD28D3 /* Answer.swift */ = {isa = PBXFileReference; fileEncoding = 4; lastKnownFileType = sourcecode.swift; path = Answer.swift; sourceTree = "<group>"; };
		5BC60DEA1989F67700DD28D3 /* User.swift */ = {isa = PBXFileReference; fileEncoding = 4; lastKnownFileType = sourcecode.swift; path = User.swift; sourceTree = "<group>"; };
		5BC60DED1989F6DB00DD28D3 /* NetworkController.swift */ = {isa = PBXFileReference; fileEncoding = 4; lastKnownFileType = sourcecode.swift; path = NetworkController.swift; sourceTree = "<group>"; };
		5BC60DF31989F99800DD28D3 /* CellForQuestion.swift */ = {isa = PBXFileReference; fileEncoding = 4; lastKnownFileType = sourcecode.swift; path = CellForQuestion.swift; sourceTree = "<group>"; };
/* End PBXFileReference section */

/* Begin PBXFrameworksBuildPhase section */
		5BC60DBB1989F5F700DD28D3 /* Frameworks */ = {
			isa = PBXFrameworksBuildPhase;
			buildActionMask = 2147483647;
			files = (
			);
			runOnlyForDeploymentPostprocessing = 0;
		};
		5BC60DCD1989F5F700DD28D3 /* Frameworks */ = {
			isa = PBXFrameworksBuildPhase;
			buildActionMask = 2147483647;
			files = (
			);
			runOnlyForDeploymentPostprocessing = 0;
		};
/* End PBXFrameworksBuildPhase section */

/* Begin PBXGroup section */
		5BC60DB51989F5F700DD28D3 = {
			isa = PBXGroup;
			children = (
				5BC60DC01989F5F700DD28D3 /* StackOverFlowJSON3 */,
				5BC60DD31989F5F800DD28D3 /* StackOverFlowJSON3Tests */,
				5BC60DBF1989F5F700DD28D3 /* Products */,
			);
			sourceTree = "<group>";
		};
		5BC60DBF1989F5F700DD28D3 /* Products */ = {
			isa = PBXGroup;
			children = (
				5BC60DBE1989F5F700DD28D3 /* StackOverFlowJSON3.app */,
				5BC60DD01989F5F700DD28D3 /* StackOverFlowJSON3Tests.xctest */,
			);
			name = Products;
			sourceTree = "<group>";
		};
		5BC60DC01989F5F700DD28D3 /* StackOverFlowJSON3 */ = {
			isa = PBXGroup;
			children = (
				5BC60DE21989F62700DD28D3 /* Controllers */,
				5BC60DE11989F61C00DD28D3 /* Models */,
				5BC60DE01989F60E00DD28D3 /* Views */,
				5BC60DC31989F5F700DD28D3 /* AppDelegate.swift */,
				5BC60DC71989F5F700DD28D3 /* Main.storyboard */,
				5BC60DCA1989F5F700DD28D3 /* Images.xcassets */,
				5BC60DC11989F5F700DD28D3 /* Supporting Files */,
			);
			path = StackOverFlowJSON3;
			sourceTree = "<group>";
		};
		5BC60DC11989F5F700DD28D3 /* Supporting Files */ = {
			isa = PBXGroup;
			children = (
				5BC60DC21989F5F700DD28D3 /* Info.plist */,
			);
			name = "Supporting Files";
			sourceTree = "<group>";
		};
		5BC60DD31989F5F800DD28D3 /* StackOverFlowJSON3Tests */ = {
			isa = PBXGroup;
			children = (
				5BC60DD61989F5F800DD28D3 /* StackOverFlowJSON3Tests.swift */,
				5BC60DD41989F5F800DD28D3 /* Supporting Files */,
			);
			path = StackOverFlowJSON3Tests;
			sourceTree = "<group>";
		};
		5BC60DD41989F5F800DD28D3 /* Supporting Files */ = {
			isa = PBXGroup;
			children = (
				5BC60DD51989F5F800DD28D3 /* Info.plist */,
			);
			name = "Supporting Files";
			sourceTree = "<group>";
		};
		5BC60DE01989F60E00DD28D3 /* Views */ = {
			isa = PBXGroup;
			children = (
			);
			name = Views;
			sourceTree = "<group>";
		};
		5BC60DE11989F61C00DD28D3 /* Models */ = {
			isa = PBXGroup;
			children = (
				5BC60DE31989F64700DD28D3 /* Question.swift */,
				5BC60DE61989F65C00DD28D3 /* Answer.swift */,
				5BC60DEA1989F67700DD28D3 /* User.swift */,
				5BC60DF31989F99800DD28D3 /* CellForQuestion.swift */,
			);
			name = Models;
			sourceTree = "<group>";
		};
		5BC60DE21989F62700DD28D3 /* Controllers */ = {
			isa = PBXGroup;
			children = (
				5BC60DC51989F5F700DD28D3 /* ViewController.swift */,
				5BC60DED1989F6DB00DD28D3 /* NetworkController.swift */,
			);
			name = Controllers;
			sourceTree = "<group>";
		};
/* End PBXGroup section */

/* Begin PBXNativeTarget section */
		5BC60DBD1989F5F700DD28D3 /* StackOverFlowJSON3 */ = {
			isa = PBXNativeTarget;
			buildConfigurationList = 5BC60DDA1989F5F800DD28D3 /* Build configuration list for PBXNativeTarget "StackOverFlowJSON3" */;
			buildPhases = (
				5BC60DBA1989F5F700DD28D3 /* Sources */,
				5BC60DBB1989F5F700DD28D3 /* Frameworks */,
				5BC60DBC1989F5F700DD28D3 /* Resources */,
			);
			buildRules = (
			);
			dependencies = (
			);
			name = StackOverFlowJSON3;
			productName = StackOverFlowJSON3;
			productReference = 5BC60DBE1989F5F700DD28D3 /* StackOverFlowJSON3.app */;
			productType = "com.apple.product-type.application";
		};
		5BC60DCF1989F5F700DD28D3 /* StackOverFlowJSON3Tests */ = {
			isa = PBXNativeTarget;
			buildConfigurationList = 5BC60DDD1989F5F800DD28D3 /* Build configuration list for PBXNativeTarget "StackOverFlowJSON3Tests" */;
			buildPhases = (
				5BC60DCC1989F5F700DD28D3 /* Sources */,
				5BC60DCD1989F5F700DD28D3 /* Frameworks */,
				5BC60DCE1989F5F700DD28D3 /* Resources */,
			);
			buildRules = (
			);
			dependencies = (
				5BC60DD21989F5F800DD28D3 /* PBXTargetDependency */,
			);
			name = StackOverFlowJSON3Tests;
			productName = StackOverFlowJSON3Tests;
			productReference = 5BC60DD01989F5F700DD28D3 /* StackOverFlowJSON3Tests.xctest */;
			productType = "com.apple.product-type.bundle.unit-test";
		};
/* End PBXNativeTarget section */

/* Begin PBXProject section */
		5BC60DB61989F5F700DD28D3 /* Project object */ = {
			isa = PBXProject;
			attributes = {
				LastUpgradeCheck = 0600;
				ORGANIZATIONNAME = "Victor  Adu";
				TargetAttributes = {
					5BC60DBD1989F5F700DD28D3 = {
						CreatedOnToolsVersion = 6.0;
					};
					5BC60DCF1989F5F700DD28D3 = {
						CreatedOnToolsVersion = 6.0;
						TestTargetID = 5BC60DBD1989F5F700DD28D3;
					};
				};
			};
			buildConfigurationList = 5BC60DB91989F5F700DD28D3 /* Build configuration list for PBXProject "StackOverFlowJSON3" */;
			compatibilityVersion = "Xcode 3.2";
			developmentRegion = English;
			hasScannedForEncodings = 0;
			knownRegions = (
				en,
				Base,
			);
			mainGroup = 5BC60DB51989F5F700DD28D3;
			productRefGroup = 5BC60DBF1989F5F700DD28D3 /* Products */;
			projectDirPath = "";
			projectRoot = "";
			targets = (
				5BC60DBD1989F5F700DD28D3 /* StackOverFlowJSON3 */,
				5BC60DCF1989F5F700DD28D3 /* StackOverFlowJSON3Tests */,
			);
		};
/* End PBXProject section */

/* Begin PBXResourcesBuildPhase section */
		5BC60DBC1989F5F700DD28D3 /* Resources */ = {
			isa = PBXResourcesBuildPhase;
			buildActionMask = 2147483647;
			files = (
				5BC60DC91989F5F700DD28D3 /* Main.storyboard in Resources */,
				5BC60DCB1989F5F700DD28D3 /* Images.xcassets in Resources */,
			);
			runOnlyForDeploymentPostprocessing = 0;
		};
		5BC60DCE1989F5F700DD28D3 /* Resources */ = {
			isa = PBXResourcesBuildPhase;
			buildActionMask = 2147483647;
			files = (
			);
			runOnlyForDeploymentPostprocessing = 0;
		};
/* End PBXResourcesBuildPhase section */

/* Begin PBXSourcesBuildPhase section */
		5BC60DBA1989F5F700DD28D3 /* Sources */ = {
			isa = PBXSourcesBuildPhase;
			buildActionMask = 2147483647;
			files = (
				5BC60DE41989F64700DD28D3 /* Question.swift in Sources */,
				5BC60DF41989F99800DD28D3 /* CellForQuestion.swift in Sources */,
				5BC60DC61989F5F700DD28D3 /* ViewController.swift in Sources */,
				5BC60DEE1989F6DB00DD28D3 /* NetworkController.swift in Sources */,
				5BC60DC41989F5F700DD28D3 /* AppDelegate.swift in Sources */,
				5BC60DEB1989F67700DD28D3 /* User.swift in Sources */,
				5BC60DE71989F65C00DD28D3 /* Answer.swift in Sources */,
			);
			runOnlyForDeploymentPostprocessing = 0;
		};
		5BC60DCC1989F5F700DD28D3 /* Sources */ = {
			isa = PBXSourcesBuildPhase;
			buildActionMask = 2147483647;
			files = (
				5BC60DEF1989F6DB00DD28D3 /* NetworkController.swift in Sources */,
				5BC60DEC1989F67700DD28D3 /* User.swift in Sources */,
				5BC60DE81989F65C00DD28D3 /* Answer.swift in Sources */,
				5BC60DF51989F99800DD28D3 /* CellForQuestion.swift in Sources */,
				5BC60DD71989F5F800DD28D3 /* StackOverFlowJSON3Tests.swift in Sources */,
				5BC60DE51989F64700DD28D3 /* Question.swift in Sources */,
			);
			runOnlyForDeploymentPostprocessing = 0;
		};
/* End PBXSourcesBuildPhase section */

/* Begin PBXTargetDependency section */
		5BC60DD21989F5F800DD28D3 /* PBXTargetDependency */ = {
			isa = PBXTargetDependency;
			target = 5BC60DBD1989F5F700DD28D3 /* StackOverFlowJSON3 */;
			targetProxy = 5BC60DD11989F5F800DD28D3 /* PBXContainerItemProxy */;
		};
/* End PBXTargetDependency section */

/* Begin PBXVariantGroup section */
		5BC60DC71989F5F700DD28D3 /* Main.storyboard */ = {
			isa = PBXVariantGroup;
			children = (
				5BC60DC81989F5F700DD28D3 /* Base */,
			);
			name = Main.storyboard;
			sourceTree = "<group>";
		};
/* End PBXVariantGroup section */

/* Begin XCBuildConfiguration section */
		5BC60DD81989F5F800DD28D3 /* Debug */ = {
			isa = XCBuildConfiguration;
			buildSettings = {
				ALWAYS_SEARCH_USER_PATHS = NO;
				CLANG_CXX_LANGUAGE_STANDARD = "gnu++0x";
				CLANG_CXX_LIBRARY = "libc++";
				CLANG_ENABLE_MODULES = YES;
				CLANG_ENABLE_OBJC_ARC = YES;
				CLANG_WARN_BOOL_CONVERSION = YES;
				CLANG_WARN_CONSTANT_CONVERSION = YES;
				CLANG_WARN_DIRECT_OBJC_ISA_USAGE = YES_ERROR;
				CLANG_WARN_EMPTY_BODY = YES;
				CLANG_WARN_ENUM_CONVERSION = YES;
				CLANG_WARN_INT_CONVERSION = YES;
				CLANG_WARN_OBJC_ROOT_CLASS = YES_ERROR;
				CLANG_WARN_UNREACHABLE_CODE = YES;
				CLANG_WARN__DUPLICATE_METHOD_MATCH = YES;
				"CODE_SIGN_IDENTITY[sdk=iphoneos*]" = "iPhone Developer";
				COPY_PHASE_STRIP = NO;
				ENABLE_STRICT_OBJC_MSGSEND = YES;
				GCC_C_LANGUAGE_STANDARD = gnu99;
				GCC_DYNAMIC_NO_PIC = NO;
				GCC_OPTIMIZATION_LEVEL = 0;
				GCC_PREPROCESSOR_DEFINITIONS = (
					"DEBUG=1",
					"$(inherited)",
				);
				GCC_SYMBOLS_PRIVATE_EXTERN = NO;
				GCC_WARN_64_TO_32_BIT_CONVERSION = YES;
				GCC_WARN_ABOUT_RETURN_TYPE = YES_ERROR;
				GCC_WARN_UNDECLARED_SELECTOR = YES;
				GCC_WARN_UNINITIALIZED_AUTOS = YES_AGGRESSIVE;
				GCC_WARN_UNUSED_FUNCTION = YES;
				GCC_WARN_UNUSED_VARIABLE = YES;
				IPHONEOS_DEPLOYMENT_TARGET = 8.0;
				MTL_ENABLE_DEBUG_INFO = YES;
				ONLY_ACTIVE_ARCH = YES;
				SDKROOT = iphoneos;
				SWIFT_OPTIMIZATION_LEVEL = "-Onone";
				TARGETED_DEVICE_FAMILY = "1,2";
			};
			name = Debug;
		};
		5BC60DD91989F5F800DD28D3 /* Release */ = {
			isa = XCBuildConfiguration;
			buildSettings = {
				ALWAYS_SEARCH_USER_PATHS = NO;
				CLANG_CXX_LANGUAGE_STANDARD = "gnu++0x";
				CLANG_CXX_LIBRARY = "libc++";
				CLANG_ENABLE_MODULES = YES;
				CLANG_ENABLE_OBJC_ARC = YES;
				CLANG_WARN_BOOL_CONVERSION = YES;
				CLANG_WARN_CONSTANT_CONVERSION = YES;
				CLANG_WARN_DIRECT_OBJC_ISA_USAGE = YES_ERROR;
				CLANG_WARN_EMPTY_BODY = YES;
				CLANG_WARN_ENUM_CONVERSION = YES;
				CLANG_WARN_INT_CONVERSION = YES;
				CLANG_WARN_OBJC_ROOT_CLASS = YES_ERROR;
				CLANG_WARN_UNREACHABLE_CODE = YES;
				CLANG_WARN__DUPLICATE_METHOD_MATCH = YES;
				"CODE_SIGN_IDENTITY[sdk=iphoneos*]" = "iPhone Developer";
				COPY_PHASE_STRIP = YES;
				ENABLE_NS_ASSERTIONS = NO;
				ENABLE_STRICT_OBJC_MSGSEND = YES;
				GCC_C_LANGUAGE_STANDARD = gnu99;
				GCC_WARN_64_TO_32_BIT_CONVERSION = YES;
				GCC_WARN_ABOUT_RETURN_TYPE = YES_ERROR;
				GCC_WARN_UNDECLARED_SELECTOR = YES;
				GCC_WARN_UNINITIALIZED_AUTOS = YES_AGGRESSIVE;
				GCC_WARN_UNUSED_FUNCTION = YES;
				GCC_WARN_UNUSED_VARIABLE = YES;
				IPHONEOS_DEPLOYMENT_TARGET = 8.0;
				MTL_ENABLE_DEBUG_INFO = NO;
				SDKROOT = iphoneos;
				TARGETED_DEVICE_FAMILY = "1,2";
				VALIDATE_PRODUCT = YES;
			};
			name = Release;
		};
		5BC60DDB1989F5F800DD28D3 /* Debug */ = {
			isa = XCBuildConfiguration;
			buildSettings = {
				ASSETCATALOG_COMPILER_APPICON_NAME = AppIcon;
				ASSETCATALOG_COMPILER_LAUNCHIMAGE_NAME = LaunchImage;
				INFOPLIST_FILE = StackOverFlowJSON3/Info.plist;
				LD_RUNPATH_SEARCH_PATHS = "$(inherited) @executable_path/Frameworks";
				PRODUCT_NAME = "$(TARGET_NAME)";
			};
			name = Debug;
		};
		5BC60DDC1989F5F800DD28D3 /* Release */ = {
			isa = XCBuildConfiguration;
			buildSettings = {
				ASSETCATALOG_COMPILER_APPICON_NAME = AppIcon;
				ASSETCATALOG_COMPILER_LAUNCHIMAGE_NAME = LaunchImage;
				INFOPLIST_FILE = StackOverFlowJSON3/Info.plist;
				LD_RUNPATH_SEARCH_PATHS = "$(inherited) @executable_path/Frameworks";
				PRODUCT_NAME = "$(TARGET_NAME)";
			};
			name = Release;
		};
		5BC60DDE1989F5F800DD28D3 /* Debug */ = {
			isa = XCBuildConfiguration;
			buildSettings = {
				BUNDLE_LOADER = "$(BUILT_PRODUCTS_DIR)/StackOverFlowJSON3.app/StackOverFlowJSON3";
				FRAMEWORK_SEARCH_PATHS = (
					"$(SDKROOT)/Developer/Library/Frameworks",
					"$(inherited)",
				);
				GCC_PREPROCESSOR_DEFINITIONS = (
					"DEBUG=1",
					"$(inherited)",
				);
				INFOPLIST_FILE = StackOverFlowJSON3Tests/Info.plist;
				LD_RUNPATH_SEARCH_PATHS = "$(inherited) @executable_path/Frameworks @loader_path/Frameworks";
				PRODUCT_NAME = "$(TARGET_NAME)";
				TEST_HOST = "$(BUNDLE_LOADER)";
			};
			name = Debug;
		};
		5BC60DDF1989F5F800DD28D3 /* Release */ = {
			isa = XCBuildConfiguration;
			buildSettings = {
				BUNDLE_LOADER = "$(BUILT_PRODUCTS_DIR)/StackOverFlowJSON3.app/StackOverFlowJSON3";
				FRAMEWORK_SEARCH_PATHS = (
					"$(SDKROOT)/Developer/Library/Frameworks",
					"$(inherited)",
				);
				INFOPLIST_FILE = StackOverFlowJSON3Tests/Info.plist;
				LD_RUNPATH_SEARCH_PATHS = "$(inherited) @executable_path/Frameworks @loader_path/Frameworks";
				PRODUCT_NAME = "$(TARGET_NAME)";
				TEST_HOST = "$(BUNDLE_LOADER)";
			};
			name = Release;
		};
/* End XCBuildConfiguration section */

/* Begin XCConfigurationList section */
		5BC60DB91989F5F700DD28D3 /* Build configuration list for PBXProject "StackOverFlowJSON3" */ = {
			isa = XCConfigurationList;
			buildConfigurations = (
				5BC60DD81989F5F800DD28D3 /* Debug */,
				5BC60DD91989F5F800DD28D3 /* Release */,
			);
			defaultConfigurationIsVisible = 0;
			defaultConfigurationName = Release;
		};
		5BC60DDA1989F5F800DD28D3 /* Build configuration list for PBXNativeTarget "StackOverFlowJSON3" */ = {
			isa = XCConfigurationList;
			buildConfigurations = (
				5BC60DDB1989F5F800DD28D3 /* Debug */,
				5BC60DDC1989F5F800DD28D3 /* Release */,
			);
			defaultConfigurationIsVisible = 0;
		};
		5BC60DDD1989F5F800DD28D3 /* Build configuration list for PBXNativeTarget "StackOverFlowJSON3Tests" */ = {
			isa = XCConfigurationList;
			buildConfigurations = (
				5BC60DDE1989F5F800DD28D3 /* Debug */,
				5BC60DDF1989F5F800DD28D3 /* Release */,
			);
			defaultConfigurationIsVisible = 0;
		};
/* End XCConfigurationList section */
	};
	rootObject = 5BC60DB61989F5F700DD28D3 /* Project object */;
}
